
Microsoft Visual Studio Solution File, Format Version 12.00
# Visual Studio Version 17
VisualStudioVersion = 17.13.35828.75 d17.13
MinimumVisualStudioVersion = 10.0.40219.1
Project("{FAE04EC0-301F-11D3-BF4B-00C04F79EFBC}") = "GitSemVersioning", "GitSemVersioning\GitSemVersioning.csproj", "{1A22A7E4-EDE4-46A8-8509-B639BCC34295}"
EndProject
Global
	GlobalSection(SolutionConfigurationPlatforms) = preSolution
		Debug|Any CPU = Debug|Any CPU
		Release|Any CPU = Release|Any CPU
	EndGlobalSection
	GlobalSection(ProjectConfigurationPlatforms) = postSolution
		{1A22A7E4-EDE4-46A8-8509-B639BCC34295}.Debug|Any CPU.ActiveCfg = Debug|Any CPU
		{1A22A7E4-EDE4-46A8-8509-B639BCC34295}.Debug|Any CPU.Build.0 = Debug|Any CPU
		{1A22A7E4-EDE4-46A8-8509-B639BCC34295}.Release|Any CPU.ActiveCfg = Release|Any CPU
		{1A22A7E4-EDE4-46A8-8509-B639BCC34295}.Release|Any CPU.Build.0 = Release|Any CPU
	EndGlobalSection
	GlobalSection(SolutionProperties) = preSolution
		HideSolutionNode = FALSE
	EndGlobalSection
	GlobalSection(ExtensibilityGlobals) = postSolution
		SolutionGuid = {2CFF158D-9CEB-4968-A1AE-1BFB2DA2C6F6}
	EndGlobalSection
EndGlobal
